
Microsoft Visual Studio Solution File, Format Version 12.00
# Visual Studio Version 17
VisualStudioVersion = 17.1.32210.238
MinimumVisualStudioVersion = 10.0.40219.1
Project("{FAE04EC0-301F-11D3-BF4B-00C04F79EFBC}") = "Consoleapp1", "Consoleapp1.csproj", "{2CFA2469-A87B-483A-914E-6ACBBBAF63DD}"
EndProject
Global
	GlobalSection(SolutionConfigurationPlatforms) = preSolution
		Debug|Any CPU = Debug|Any CPU
		Release|Any CPU = Release|Any CPU
	EndGlobalSection
	GlobalSection(ProjectConfigurationPlatforms) = postSolution
		{2CFA2469-A87B-483A-914E-6ACBBBAF63DD}.Debug|Any CPU.ActiveCfg = Debug|Any CPU
		{2CFA2469-A87B-483A-914E-6ACBBBAF63DD}.Debug|Any CPU.Build.0 = Debug|Any CPU
		{2CFA2469-A87B-483A-914E-6ACBBBAF63DD}.Release|Any CPU.ActiveCfg = Release|Any CPU
		{2CFA2469-A87B-483A-914E-6ACBBBAF63DD}.Release|Any CPU.Build.0 = Release|Any CPU
	EndGlobalSection
	GlobalSection(SolutionProperties) = preSolution
		HideSolutionNode = FALSE
	EndGlobalSection
	GlobalSection(ExtensibilityGlobals) = postSolution
		SolutionGuid = {8CB39016-A4D6-416D-BCA4-5913E0CB0752}
	EndGlobalSection
EndGlobal
